
Microsoft Visual Studio Solution File, Format Version 12.00
Project("{FAE04EC0-301F-11D3-BF4B-00C04F79EFBC}") = "lab1", "lab1\lab1.csproj", "{120B4181-6147-4DCE-AC94-189CB013BC5F}"
EndProject
Project("{FAE04EC0-301F-11D3-BF4B-00C04F79EFBC}") = "lab1.Tests", "lab1.Tests\lab1.Tests.csproj", "{C96DCE40-3E27-4BF2-847A-0E2312DFC445}"
EndProject
Global
	GlobalSection(SolutionConfigurationPlatforms) = preSolution
		Debug|Any CPU = Debug|Any CPU
		Release|Any CPU = Release|Any CPU
	EndGlobalSection
	GlobalSection(ProjectConfigurationPlatforms) = postSolution
		{120B4181-6147-4DCE-AC94-189CB013BC5F}.Debug|Any CPU.ActiveCfg = Debug|Any CPU
		{120B4181-6147-4DCE-AC94-189CB013BC5F}.Debug|Any CPU.Build.0 = Debug|Any CPU
		{120B4181-6147-4DCE-AC94-189CB013BC5F}.Release|Any CPU.ActiveCfg = Release|Any CPU
		{120B4181-6147-4DCE-AC94-189CB013BC5F}.Release|Any CPU.Build.0 = Release|Any CPU
		{C96DCE40-3E27-4BF2-847A-0E2312DFC445}.Debug|Any CPU.ActiveCfg = Debug|Any CPU
		{C96DCE40-3E27-4BF2-847A-0E2312DFC445}.Debug|Any CPU.Build.0 = Debug|Any CPU
		{C96DCE40-3E27-4BF2-847A-0E2312DFC445}.Release|Any CPU.ActiveCfg = Release|Any CPU
		{C96DCE40-3E27-4BF2-847A-0E2312DFC445}.Release|Any CPU.Build.0 = Release|Any CPU
	EndGlobalSection
EndGlobal
